
Microsoft Visual Studio Solution File, Format Version 12.00
# Visual Studio Version 17
VisualStudioVersion = 17.14.36212.18 d17.14
MinimumVisualStudioVersion = 10.0.40219.1
Project("{FAE04EC0-301F-11D3-BF4B-00C04F79EFBC}") = "BusinessLayer", "BusinessLayer\BusinessLayer.csproj", "{E6CCB674-DB9E-43C0-B381-6B44E3E73846}"
EndProject
Project("{FAE04EC0-301F-11D3-BF4B-00C04F79EFBC}") = "DataLayer", "DataLayer\DataLayer.csproj", "{D1EC2370-1FCE-460B-B0D7-AF62D09CCF11}"
EndProject
Project("{FAE04EC0-301F-11D3-BF4B-00C04F79EFBC}") = "KitchenTest", "KitchenTest\KitchenTest.csproj", "{16CD27D3-ECEE-4806-A08F-AE76838405AB}"
EndProject
Project("{FAE04EC0-301F-11D3-BF4B-00C04F79EFBC}") = "KitchenPresentaion", "KitchenPresentaion\KitchenPresentaion.csproj", "{4DADF4CE-59BD-41EA-9845-33D29D2AC87D}"
EndProject
Global
	GlobalSection(SolutionConfigurationPlatforms) = preSolution
		Debug|Any CPU = Debug|Any CPU
		Release|Any CPU = Release|Any CPU
	EndGlobalSection
	GlobalSection(ProjectConfigurationPlatforms) = postSolution
		{E6CCB674-DB9E-43C0-B381-6B44E3E73846}.Debug|Any CPU.ActiveCfg = Debug|Any CPU
		{E6CCB674-DB9E-43C0-B381-6B44E3E73846}.Debug|Any CPU.Build.0 = Debug|Any CPU
		{E6CCB674-DB9E-43C0-B381-6B44E3E73846}.Release|Any CPU.ActiveCfg = Release|Any CPU
		{E6CCB674-DB9E-43C0-B381-6B44E3E73846}.Release|Any CPU.Build.0 = Release|Any CPU
		{D1EC2370-1FCE-460B-B0D7-AF62D09CCF11}.Debug|Any CPU.ActiveCfg = Debug|Any CPU
		{D1EC2370-1FCE-460B-B0D7-AF62D09CCF11}.Debug|Any CPU.Build.0 = Debug|Any CPU
		{D1EC2370-1FCE-460B-B0D7-AF62D09CCF11}.Release|Any CPU.ActiveCfg = Release|Any CPU
		{D1EC2370-1FCE-460B-B0D7-AF62D09CCF11}.Release|Any CPU.Build.0 = Release|Any CPU
		{16CD27D3-ECEE-4806-A08F-AE76838405AB}.Debug|Any CPU.ActiveCfg = Debug|Any CPU
		{16CD27D3-ECEE-4806-A08F-AE76838405AB}.Debug|Any CPU.Build.0 = Debug|Any CPU
		{16CD27D3-ECEE-4806-A08F-AE76838405AB}.Release|Any CPU.ActiveCfg = Release|Any CPU
		{16CD27D3-ECEE-4806-A08F-AE76838405AB}.Release|Any CPU.Build.0 = Release|Any CPU
		{4DADF4CE-59BD-41EA-9845-33D29D2AC87D}.Debug|Any CPU.ActiveCfg = Debug|Any CPU
		{4DADF4CE-59BD-41EA-9845-33D29D2AC87D}.Debug|Any CPU.Build.0 = Debug|Any CPU
		{4DADF4CE-59BD-41EA-9845-33D29D2AC87D}.Release|Any CPU.ActiveCfg = Release|Any CPU
		{4DADF4CE-59BD-41EA-9845-33D29D2AC87D}.Release|Any CPU.Build.0 = Release|Any CPU
	EndGlobalSection
	GlobalSection(SolutionProperties) = preSolution
		HideSolutionNode = FALSE
	EndGlobalSection
	GlobalSection(ExtensibilityGlobals) = postSolution
		SolutionGuid = {3801FF32-AEBD-444C-A992-72D2143FF3D2}
	EndGlobalSection
EndGlobal
